
Microsoft Visual Studio Solution File, Format Version 11.00
# Visual Studio 2010
Project("{8BC9CEB8-8B4A-11D0-8D11-00A0C91BC942}") = "bp4TLV2_r1", "bp4TLV2_r1.vcxproj", "{2D15E342-9904-4069-A7F9-67E97018CED9}"
EndProject
Global
	GlobalSection(SolutionConfigurationPlatforms) = preSolution
		Debug|Win32 = Debug|Win32
		Release|Win32 = Release|Win32
	EndGlobalSection
	GlobalSection(ProjectConfigurationPlatforms) = postSolution
		{2D15E342-9904-4069-A7F9-67E97018CED9}.Debug|Win32.ActiveCfg = Debug|Win32
		{2D15E342-9904-4069-A7F9-67E97018CED9}.Debug|Win32.Build.0 = Debug|Win32
		{2D15E342-9904-4069-A7F9-67E97018CED9}.Release|Win32.ActiveCfg = Release|Win32
		{2D15E342-9904-4069-A7F9-67E97018CED9}.Release|Win32.Build.0 = Release|Win32
	EndGlobalSection
	GlobalSection(SolutionProperties) = preSolution
		HideSolutionNode = FALSE
	EndGlobalSection
EndGlobal
